
Microsoft Visual Studio Solution File, Format Version 12.00
# Visual Studio 15
VisualStudioVersion = 15.0.28307.106
MinimumVisualStudioVersion = 10.0.40219.1
Project("{FAE04EC0-301F-11D3-BF4B-00C04F79EFBC}") = "AuthDemo", "AuthDemo\AuthDemo.csproj", "{C6D6C0BC-01F2-45A9-82D9-B28A1A9B5956}"
EndProject
Global
	GlobalSection(SolutionConfigurationPlatforms) = preSolution
		Debug|Any CPU = Debug|Any CPU
		Release|Any CPU = Release|Any CPU
	EndGlobalSection
	GlobalSection(ProjectConfigurationPlatforms) = postSolution
		{C6D6C0BC-01F2-45A9-82D9-B28A1A9B5956}.Debug|Any CPU.ActiveCfg = Debug|Any CPU
		{C6D6C0BC-01F2-45A9-82D9-B28A1A9B5956}.Debug|Any CPU.Build.0 = Debug|Any CPU
		{C6D6C0BC-01F2-45A9-82D9-B28A1A9B5956}.Release|Any CPU.ActiveCfg = Release|Any CPU
		{C6D6C0BC-01F2-45A9-82D9-B28A1A9B5956}.Release|Any CPU.Build.0 = Release|Any CPU
	EndGlobalSection
	GlobalSection(SolutionProperties) = preSolution
		HideSolutionNode = FALSE
	EndGlobalSection
	GlobalSection(ExtensibilityGlobals) = postSolution
		SolutionGuid = {2105C9CF-EB1D-4F74-9DA8-E5C47DFFADB4}
	EndGlobalSection
EndGlobal
